
Microsoft Visual Studio Solution File, Format Version 12.00
# Visual Studio Version 16
VisualStudioVersion = 16.0.29519.161
MinimumVisualStudioVersion = 10.0.40219.1
Project("{9A19103F-16F7-4668-BE54-9A1E7A4F7556}") = "HIS.IService", "HIS.IService\HIS.IService.csproj", "{93FBC825-BF7D-4B01-A36F-6DE69949EC1A}"
EndProject
Project("{9A19103F-16F7-4668-BE54-9A1E7A4F7556}") = "HIS.Models", "HIS.Models\HIS.Models.csproj", "{01BAA7F8-5A8D-44CA-A509-288EDB31D798}"
EndProject
Project("{9A19103F-16F7-4668-BE54-9A1E7A4F7556}") = "HIS.Dtos", "HIS.Dtos\HIS.Dtos.csproj", "{BE055A54-ADC0-4C4A-BAAD-78550FC2EFAF}"
EndProject
Project("{9A19103F-16F7-4668-BE54-9A1E7A4F7556}") = "HIS.IRepository", "HIS.IRepository\HIS.IRepository.csproj", "{B27EB696-65BF-4E27-AE1A-E9BBC2686A5D}"
EndProject
Project("{9A19103F-16F7-4668-BE54-9A1E7A4F7556}") = "HIS.Repository", "HIS.Repository\HIS.Repository.csproj", "{50E978E5-4C4F-444D-97CC-ED391EA463AD}"
EndProject
Project("{9A19103F-16F7-4668-BE54-9A1E7A4F7556}") = "HIS.Constants", "HIS.Constants\HIS.Constants.csproj", "{717133F3-4E91-4730-B492-3F4428D357E0}"
EndProject
Project("{9A19103F-16F7-4668-BE54-9A1E7A4F7556}") = "HIS.DependencyInjection", "HIS.DependencyInjection\HIS.DependencyInjection.csproj", "{7C5E732A-CF65-43EB-B674-68AE7622A623}"
EndProject
Project("{9A19103F-16F7-4668-BE54-9A1E7A4F7556}") = "HIS.Share", "HIS.Share\HIS.Share.csproj", "{5ADC15F3-6C22-4999-A9A3-3A674D78A5B7}"
EndProject
Project("{9A19103F-16F7-4668-BE54-9A1E7A4F7556}") = "HIS.WebService", "HIS.WebService\HIS.WebService.csproj", "{9A4005EE-BA61-4D34-B0DB-7C1586EEC1DE}"
EndProject
Project("{9A19103F-16F7-4668-BE54-9A1E7A4F7556}") = "HIS.IController", "HIS.IController\HIS.IController.csproj", "{28FAE591-F20D-4CBD-9AC7-F2E96689E168}"
EndProject
Project("{2150E333-8FDC-42A3-9474-1A3956D46DE8}") = "Interfaces", "Interfaces", "{F345877B-E8B1-4844-BC09-4FAB1F7603B7}"
EndProject
Project("{2150E333-8FDC-42A3-9474-1A3956D46DE8}") = "Extends", "Extends", "{6C9CD876-E2D7-4C51-A1DE-A9CF6EF6FE7C}"
EndProject
Project("{2150E333-8FDC-42A3-9474-1A3956D46DE8}") = "Common", "Common", "{EF64BFA3-025C-4CF2-BA62-6A39A69603C4}"
EndProject
Project("{2150E333-8FDC-42A3-9474-1A3956D46DE8}") = "DataModels", "DataModels", "{D8EF57E1-B0E8-4726-9B2A-FBCA7385433D}"
EndProject
Project("{9A19103F-16F7-4668-BE54-9A1E7A4F7556}") = "HIS.Service", "HIS.Service\HIS.Service.csproj", "{E53A01D9-EECB-4180-B893-D33DE93C751B}"
EndProject
Global
	GlobalSection(SolutionConfigurationPlatforms) = preSolution
		Debug|Any CPU = Debug|Any CPU
		Release|Any CPU = Release|Any CPU
	EndGlobalSection
	GlobalSection(ProjectConfigurationPlatforms) = postSolution
		{93FBC825-BF7D-4B01-A36F-6DE69949EC1A}.Debug|Any CPU.ActiveCfg = Debug|Any CPU
		{93FBC825-BF7D-4B01-A36F-6DE69949EC1A}.Debug|Any CPU.Build.0 = Debug|Any CPU
		{93FBC825-BF7D-4B01-A36F-6DE69949EC1A}.Release|Any CPU.ActiveCfg = Release|Any CPU
		{93FBC825-BF7D-4B01-A36F-6DE69949EC1A}.Release|Any CPU.Build.0 = Release|Any CPU
		{01BAA7F8-5A8D-44CA-A509-288EDB31D798}.Debug|Any CPU.ActiveCfg = Debug|Any CPU
		{01BAA7F8-5A8D-44CA-A509-288EDB31D798}.Debug|Any CPU.Build.0 = Debug|Any CPU
		{01BAA7F8-5A8D-44CA-A509-288EDB31D798}.Release|Any CPU.ActiveCfg = Release|Any CPU
		{01BAA7F8-5A8D-44CA-A509-288EDB31D798}.Release|Any CPU.Build.0 = Release|Any CPU
		{BE055A54-ADC0-4C4A-BAAD-78550FC2EFAF}.Debug|Any CPU.ActiveCfg = Debug|Any CPU
		{BE055A54-ADC0-4C4A-BAAD-78550FC2EFAF}.Debug|Any CPU.Build.0 = Debug|Any CPU
		{BE055A54-ADC0-4C4A-BAAD-78550FC2EFAF}.Release|Any CPU.ActiveCfg = Release|Any CPU
		{BE055A54-ADC0-4C4A-BAAD-78550FC2EFAF}.Release|Any CPU.Build.0 = Release|Any CPU
		{B27EB696-65BF-4E27-AE1A-E9BBC2686A5D}.Debug|Any CPU.ActiveCfg = Debug|Any CPU
		{B27EB696-65BF-4E27-AE1A-E9BBC2686A5D}.Debug|Any CPU.Build.0 = Debug|Any CPU
		{B27EB696-65BF-4E27-AE1A-E9BBC2686A5D}.Release|Any CPU.ActiveCfg = Release|Any CPU
		{B27EB696-65BF-4E27-AE1A-E9BBC2686A5D}.Release|Any CPU.Build.0 = Release|Any CPU
		{50E978E5-4C4F-444D-97CC-ED391EA463AD}.Debug|Any CPU.ActiveCfg = Debug|Any CPU
		{50E978E5-4C4F-444D-97CC-ED391EA463AD}.Debug|Any CPU.Build.0 = Debug|Any CPU
		{50E978E5-4C4F-444D-97CC-ED391EA463AD}.Release|Any CPU.ActiveCfg = Release|Any CPU
		{50E978E5-4C4F-444D-97CC-ED391EA463AD}.Release|Any CPU.Build.0 = Release|Any CPU
		{717133F3-4E91-4730-B492-3F4428D357E0}.Debug|Any CPU.ActiveCfg = Debug|Any CPU
		{717133F3-4E91-4730-B492-3F4428D357E0}.Debug|Any CPU.Build.0 = Debug|Any CPU
		{717133F3-4E91-4730-B492-3F4428D357E0}.Release|Any CPU.ActiveCfg = Release|Any CPU
		{717133F3-4E91-4730-B492-3F4428D357E0}.Release|Any CPU.Build.0 = Release|Any CPU
		{7C5E732A-CF65-43EB-B674-68AE7622A623}.Debug|Any CPU.ActiveCfg = Debug|Any CPU
		{7C5E732A-CF65-43EB-B674-68AE7622A623}.Debug|Any CPU.Build.0 = Debug|Any CPU
		{7C5E732A-CF65-43EB-B674-68AE7622A623}.Release|Any CPU.ActiveCfg = Release|Any CPU
		{7C5E732A-CF65-43EB-B674-68AE7622A623}.Release|Any CPU.Build.0 = Release|Any CPU
		{5ADC15F3-6C22-4999-A9A3-3A674D78A5B7}.Debug|Any CPU.ActiveCfg = Debug|Any CPU
		{5ADC15F3-6C22-4999-A9A3-3A674D78A5B7}.Debug|Any CPU.Build.0 = Debug|Any CPU
		{5ADC15F3-6C22-4999-A9A3-3A674D78A5B7}.Release|Any CPU.ActiveCfg = Release|Any CPU
		{5ADC15F3-6C22-4999-A9A3-3A674D78A5B7}.Release|Any CPU.Build.0 = Release|Any CPU
		{9A4005EE-BA61-4D34-B0DB-7C1586EEC1DE}.Debug|Any CPU.ActiveCfg = Debug|Any CPU
		{9A4005EE-BA61-4D34-B0DB-7C1586EEC1DE}.Debug|Any CPU.Build.0 = Debug|Any CPU
		{9A4005EE-BA61-4D34-B0DB-7C1586EEC1DE}.Release|Any CPU.ActiveCfg = Release|Any CPU
		{9A4005EE-BA61-4D34-B0DB-7C1586EEC1DE}.Release|Any CPU.Build.0 = Release|Any CPU
		{28FAE591-F20D-4CBD-9AC7-F2E96689E168}.Debug|Any CPU.ActiveCfg = Debug|Any CPU
		{28FAE591-F20D-4CBD-9AC7-F2E96689E168}.Debug|Any CPU.Build.0 = Debug|Any CPU
		{28FAE591-F20D-4CBD-9AC7-F2E96689E168}.Release|Any CPU.ActiveCfg = Release|Any CPU
		{28FAE591-F20D-4CBD-9AC7-F2E96689E168}.Release|Any CPU.Build.0 = Release|Any CPU
		{E53A01D9-EECB-4180-B893-D33DE93C751B}.Debug|Any CPU.ActiveCfg = Debug|Any CPU
		{E53A01D9-EECB-4180-B893-D33DE93C751B}.Debug|Any CPU.Build.0 = Debug|Any CPU
		{E53A01D9-EECB-4180-B893-D33DE93C751B}.Release|Any CPU.ActiveCfg = Release|Any CPU
		{E53A01D9-EECB-4180-B893-D33DE93C751B}.Release|Any CPU.Build.0 = Release|Any CPU
	EndGlobalSection
	GlobalSection(SolutionProperties) = preSolution
		HideSolutionNode = FALSE
	EndGlobalSection
	GlobalSection(NestedProjects) = preSolution
		{93FBC825-BF7D-4B01-A36F-6DE69949EC1A} = {F345877B-E8B1-4844-BC09-4FAB1F7603B7}
		{01BAA7F8-5A8D-44CA-A509-288EDB31D798} = {D8EF57E1-B0E8-4726-9B2A-FBCA7385433D}
		{BE055A54-ADC0-4C4A-BAAD-78550FC2EFAF} = {D8EF57E1-B0E8-4726-9B2A-FBCA7385433D}
		{B27EB696-65BF-4E27-AE1A-E9BBC2686A5D} = {F345877B-E8B1-4844-BC09-4FAB1F7603B7}
		{50E978E5-4C4F-444D-97CC-ED391EA463AD} = {6C9CD876-E2D7-4C51-A1DE-A9CF6EF6FE7C}
		{717133F3-4E91-4730-B492-3F4428D357E0} = {EF64BFA3-025C-4CF2-BA62-6A39A69603C4}
		{7C5E732A-CF65-43EB-B674-68AE7622A623} = {EF64BFA3-025C-4CF2-BA62-6A39A69603C4}
		{5ADC15F3-6C22-4999-A9A3-3A674D78A5B7} = {EF64BFA3-025C-4CF2-BA62-6A39A69603C4}
		{28FAE591-F20D-4CBD-9AC7-F2E96689E168} = {F345877B-E8B1-4844-BC09-4FAB1F7603B7}
		{E53A01D9-EECB-4180-B893-D33DE93C751B} = {6C9CD876-E2D7-4C51-A1DE-A9CF6EF6FE7C}
	EndGlobalSection
	GlobalSection(ExtensibilityGlobals) = postSolution
		SolutionGuid = {8E438C85-729C-4CDD-BA10-503522234A08}
	EndGlobalSection
EndGlobal
